
Microsoft Visual Studio Solution File, Format Version 12.00
# Visual Studio Version 16
VisualStudioVersion = 16.0.32228.343
MinimumVisualStudioVersion = 10.0.40219.1
Project("{FAE04EC0-301F-11D3-BF4B-00C04F79EFBC}") = "Deliverable2", "Deliverable2\Deliverable2.csproj", "{A410EC39-DD54-4353-BD02-3868B7A865EC}"
EndProject
Global
	GlobalSection(SolutionConfigurationPlatforms) = preSolution
		Debug|Any CPU = Debug|Any CPU
		Release|Any CPU = Release|Any CPU
	EndGlobalSection
	GlobalSection(ProjectConfigurationPlatforms) = postSolution
		{A410EC39-DD54-4353-BD02-3868B7A865EC}.Debug|Any CPU.ActiveCfg = Debug|Any CPU
		{A410EC39-DD54-4353-BD02-3868B7A865EC}.Debug|Any CPU.Build.0 = Debug|Any CPU
		{A410EC39-DD54-4353-BD02-3868B7A865EC}.Release|Any CPU.ActiveCfg = Release|Any CPU
		{A410EC39-DD54-4353-BD02-3868B7A865EC}.Release|Any CPU.Build.0 = Release|Any CPU
	EndGlobalSection
	GlobalSection(SolutionProperties) = preSolution
		HideSolutionNode = FALSE
	EndGlobalSection
	GlobalSection(ExtensibilityGlobals) = postSolution
		SolutionGuid = {1722A275-D9D8-4F68-AEEA-2182EB48A458}
	EndGlobalSection
EndGlobal
